
Microsoft Visual Studio Solution File, Format Version 12.00
# Visual Studio 15
VisualStudioVersion = 15.0.28307.645
MinimumVisualStudioVersion = 10.0.40219.1
Project("{FAE04EC0-301F-11D3-BF4B-00C04F79EFBC}") = "Ejercicio1", "Ejercicio1\Ejercicio1.csproj", "{82D7252B-026E-4795-9B79-8E48448AE979}"
EndProject
Global
	GlobalSection(SolutionConfigurationPlatforms) = preSolution
		Debug|Any CPU = Debug|Any CPU
		Release|Any CPU = Release|Any CPU
	EndGlobalSection
	GlobalSection(ProjectConfigurationPlatforms) = postSolution
		{82D7252B-026E-4795-9B79-8E48448AE979}.Debug|Any CPU.ActiveCfg = Debug|Any CPU
		{82D7252B-026E-4795-9B79-8E48448AE979}.Debug|Any CPU.Build.0 = Debug|Any CPU
		{82D7252B-026E-4795-9B79-8E48448AE979}.Release|Any CPU.ActiveCfg = Release|Any CPU
		{82D7252B-026E-4795-9B79-8E48448AE979}.Release|Any CPU.Build.0 = Release|Any CPU
	EndGlobalSection
	GlobalSection(SolutionProperties) = preSolution
		HideSolutionNode = FALSE
	EndGlobalSection
	GlobalSection(ExtensibilityGlobals) = postSolution
		SolutionGuid = {144C8622-7264-4F9E-99DE-A70CDB7B0FA0}
	EndGlobalSection
EndGlobal
